// !$*UTF8*$!
{
	archiveVersion = 1;
	classes = {
	};
	objectVersion = 50;
	objects = {

/* Begin PBXBuildFile section */
		C17BF7852675D0B8005DEBDE /* AppDelegate.swift in Sources */ = {isa = PBXBuildFile; fileRef = C17BF7842675D0B8005DEBDE /* AppDelegate.swift */; };
		C17BF7872675D0B8005DEBDE /* SceneDelegate.swift in Sources */ = {isa = PBXBuildFile; fileRef = C17BF7862675D0B8005DEBDE /* SceneDelegate.swift */; };
		C17BF7892675D0B8005DEBDE /* ViewController.swift in Sources */ = {isa = PBXBuildFile; fileRef = C17BF7882675D0B8005DEBDE /* ViewController.swift */; };
		C17BF78C2675D0B9005DEBDE /* Main.storyboard in Resources */ = {isa = PBXBuildFile; fileRef = C17BF78A2675D0B8005DEBDE /* Main.storyboard */; };
		C17BF78E2675D0BB005DEBDE /* Assets.xcassets in Resources */ = {isa = PBXBuildFile; fileRef = C17BF78D2675D0BB005DEBDE /* Assets.xcassets */; };
		C17BF7912675D0BB005DEBDE /* LaunchScreen.storyboard in Resources */ = {isa = PBXBuildFile; fileRef = C17BF78F2675D0BB005DEBDE /* LaunchScreen.storyboard */; };
		C17BF79A2675D1ED005DEBDE /* UITapGestureRecognizer+Extensions.swift in Sources */ = {isa = PBXBuildFile; fileRef = C17BF7992675D1ED005DEBDE /* UITapGestureRecognizer+Extensions.swift */; };
		C17BF79D2675D225005DEBDE /* UILabel+Extensions.swift in Sources */ = {isa = PBXBuildFile; fileRef = C17BF79C2675D225005DEBDE /* UILabel+Extensions.swift */; };
/* End PBXBuildFile section */

/* Begin PBXFileReference section */
		C17BF7812675D0B8005DEBDE /* Readmore-Readless.app */ = {isa = PBXFileReference; explicitFileType = wrapper.application; includeInIndex = 0; path = "Readmore-Readless.app"; sourceTree = BUILT_PRODUCTS_DIR; };
		C17BF7842675D0B8005DEBDE /* AppDelegate.swift */ = {isa = PBXFileReference; lastKnownFileType = sourcecode.swift; path = AppDelegate.swift; sourceTree = "<group>"; };
		C17BF7862675D0B8005DEBDE /* SceneDelegate.swift */ = {isa = PBXFileReference; lastKnownFileType = sourcecode.swift; path = SceneDelegate.swift; sourceTree = "<group>"; };
		C17BF7882675D0B8005DEBDE /* ViewController.swift */ = {isa = PBXFileReference; lastKnownFileType = sourcecode.swift; path = ViewController.swift; sourceTree = "<group>"; };
		C17BF78B2675D0B8005DEBDE /* Base */ = {isa = PBXFileReference; lastKnownFileType = file.storyboard; name = Base; path = Base.lproj/Main.storyboard; sourceTree = "<group>"; };
		C17BF78D2675D0BB005DEBDE /* Assets.xcassets */ = {isa = PBXFileReference; lastKnownFileType = folder.assetcatalog; path = Assets.xcassets; sourceTree = "<group>"; };
		C17BF7902675D0BB005DEBDE /* Base */ = {isa = PBXFileReference; lastKnownFileType = file.storyboard; name = Base; path = Base.lproj/LaunchScreen.storyboard; sourceTree = "<group>"; };
		C17BF7922675D0BB005DEBDE /* Info.plist */ = {isa = PBXFileReference; lastKnownFileType = text.plist.xml; path = Info.plist; sourceTree = "<group>"; };
		C17BF7992675D1ED005DEBDE /* UITapGestureRecognizer+Extensions.swift */ = {isa = PBXFileReference; lastKnownFileType = sourcecode.swift; path = "UITapGestureRecognizer+Extensions.swift"; sourceTree = "<group>"; };
		C17BF79C2675D225005DEBDE /* UILabel+Extensions.swift */ = {isa = PBXFileReference; lastKnownFileType = sourcecode.swift; path = "UILabel+Extensions.swift"; sourceTree = "<group>"; };
/* End PBXFileReference section */

/* Begin PBXFrameworksBuildPhase section */
		C17BF77E2675D0B8005DEBDE /* Frameworks */ = {
			isa = PBXFrameworksBuildPhase;
			buildActionMask = 2147483647;
			files = (
			);
			runOnlyForDeploymentPostprocessing = 0;
		};
/* End PBXFrameworksBuildPhase section */

/* Begin PBXGroup section */
		C17BF7782675D0B8005DEBDE = {
			isa = PBXGroup;
			children = (
				C17BF7832675D0B8005DEBDE /* Readmore-Readless */,
				C17BF7822675D0B8005DEBDE /* Products */,
			);
			sourceTree = "<group>";
		};
		C17BF7822675D0B8005DEBDE /* Products */ = {
			isa = PBXGroup;
			children = (
				C17BF7812675D0B8005DEBDE /* Readmore-Readless.app */,
			);
			name = Products;
			sourceTree = "<group>";
		};
		C17BF7832675D0B8005DEBDE /* Readmore-Readless */ = {
			isa = PBXGroup;
			children = (
				C17BF7842675D0B8005DEBDE /* AppDelegate.swift */,
				C17BF7862675D0B8005DEBDE /* SceneDelegate.swift */,
				C17BF7882675D0B8005DEBDE /* ViewController.swift */,
				C17BF78A2675D0B8005DEBDE /* Main.storyboard */,
				C17BF78D2675D0BB005DEBDE /* Assets.xcassets */,
				C17BF78F2675D0BB005DEBDE /* LaunchScreen.storyboard */,
				C17BF7922675D0BB005DEBDE /* Info.plist */,
				C17BF79F2675D4B6005DEBDE /* Extensions */,
			);
			path = "Readmore-Readless";
			sourceTree = "<group>";
		};
		C17BF79F2675D4B6005DEBDE /* Extensions */ = {
			isa = PBXGroup;
			children = (
				C17BF7992675D1ED005DEBDE /* UITapGestureRecognizer+Extensions.swift */,
				C17BF79C2675D225005DEBDE /* UILabel+Extensions.swift */,
			);
			path = Extensions;
			sourceTree = "<group>";
		};
/* End PBXGroup section */

/* Begin PBXNativeTarget section */
		C17BF7802675D0B8005DEBDE /* Readmore-Readless */ = {
			isa = PBXNativeTarget;
			buildConfigurationList = C17BF7952675D0BB005DEBDE /* Build configuration list for PBXNativeTarget "Readmore-Readless" */;
			buildPhases = (
				C17BF77D2675D0B8005DEBDE /* Sources */,
				C17BF77E2675D0B8005DEBDE /* Frameworks */,
				C17BF77F2675D0B8005DEBDE /* Resources */,
			);
			buildRules = (
			);
			dependencies = (
			);
			name = "Readmore-Readless";
			productName = "Readmore-Readless";
			productReference = C17BF7812675D0B8005DEBDE /* Readmore-Readless.app */;
			productType = "com.apple.product-type.application";
		};
/* End PBXNativeTarget section */

/* Begin PBXProject section */
		C17BF7792675D0B8005DEBDE /* Project object */ = {
			isa = PBXProject;
			attributes = {
				LastSwiftUpdateCheck = 1230;
				LastUpgradeCheck = 1230;
				TargetAttributes = {
					C17BF7802675D0B8005DEBDE = {
						CreatedOnToolsVersion = 12.3;
					};
				};
			};
			buildConfigurationList = C17BF77C2675D0B8005DEBDE /* Build configuration list for PBXProject "Readmore-Readless" */;
			compatibilityVersion = "Xcode 9.3";
			developmentRegion = en;
			hasScannedForEncodings = 0;
			knownRegions = (
				en,
				Base,
			);
			mainGroup = C17BF7782675D0B8005DEBDE;
			productRefGroup = C17BF7822675D0B8005DEBDE /* Products */;
			projectDirPath = "";
			projectRoot = "";
			targets = (
				C17BF7802675D0B8005DEBDE /* Readmore-Readless */,
			);
		};
/* End PBXProject section */

/* Begin PBXResourcesBuildPhase section */
		C17BF77F2675D0B8005DEBDE /* Resources */ = {
			isa = PBXResourcesBuildPhase;
			buildActionMask = 2147483647;
			files = (
				C17BF7912675D0BB005DEBDE /* LaunchScreen.storyboard in Resources */,
				C17BF78E2675D0BB005DEBDE /* Assets.xcassets in Resources */,
				C17BF78C2675D0B9005DEBDE /* Main.storyboard in Resources */,
			);
			runOnlyForDeploymentPostprocessing = 0;
		};
/* End PBXResourcesBuildPhase section */

/* Begin PBXSourcesBuildPhase section */
		C17BF77D2675D0B8005DEBDE /* Sources */ = {
			isa = PBXSourcesBuildPhase;
			buildActionMask = 2147483647;
			files = (
				C17BF7892675D0B8005DEBDE /* ViewController.swift in Sources */,
				C17BF79D2675D225005DEBDE /* UILabel+Extensions.swift in Sources */,
				C17BF7852675D0B8005DEBDE /* AppDelegate.swift in Sources */,
				C17BF7872675D0B8005DEBDE /* SceneDelegate.swift in Sources */,
				C17BF79A2675D1ED005DEBDE /* UITapGestureRecognizer+Extensions.swift in Sources */,
			);
			runOnlyForDeploymentPostprocessing = 0;
		};
/* End PBXSourcesBuildPhase section */

/* Begin PBXVariantGroup section */
		C17BF78A2675D0B8005DEBDE /* Main.storyboard */ = {
			isa = PBXVariantGroup;
			children = (
				C17BF78B2675D0B8005DEBDE /* Base */,
			);
			name = Main.storyboard;
			sourceTree = "<group>";
		};
		C17BF78F2675D0BB005DEBDE /* LaunchScreen.storyboard */ = {
			isa = PBXVariantGroup;
			children = (
				C17BF7902675D0BB005DEBDE /* Base */,
			);
			name = LaunchScreen.storyboard;
			sourceTree = "<group>";
		};
/* End PBXVariantGroup section */

/* Begin XCBuildConfiguration section */
		C17BF7932675D0BB005DEBDE /* Debug */ = {
			isa = XCBuildConfiguration;
			buildSettings = {
				ALWAYS_SEARCH_USER_PATHS = NO;
				CLANG_ANALYZER_NONNULL = YES;
				CLANG_ANALYZER_NUMBER_OBJECT_CONVERSION = YES_AGGRESSIVE;
				CLANG_CXX_LANGUAGE_STANDARD = "gnu++14";
				CLANG_CXX_LIBRARY = "libc++";
				CLANG_ENABLE_MODULES = YES;
				CLANG_ENABLE_OBJC_ARC = YES;
				CLANG_ENABLE_OBJC_WEAK = YES;
				CLANG_WARN_BLOCK_CAPTURE_AUTORELEASING = YES;
				CLANG_WARN_BOOL_CONVERSION = YES;
				CLANG_WARN_COMMA = YES;
				CLANG_WARN_CONSTANT_CONVERSION = YES;
				CLANG_WARN_DEPRECATED_OBJC_IMPLEMENTATIONS = YES;
				CLANG_WARN_DIRECT_OBJC_ISA_USAGE = YES_ERROR;
				CLANG_WARN_DOCUMENTATION_COMMENTS = YES;
				CLANG_WARN_EMPTY_BODY = YES;
				CLANG_WARN_ENUM_CONVERSION = YES;
				CLANG_WARN_INFINITE_RECURSION = YES;
				CLANG_WARN_INT_CONVERSION = YES;
				CLANG_WARN_NON_LITERAL_NULL_CONVERSION = YES;
				CLANG_WARN_OBJC_IMPLICIT_RETAIN_SELF = YES;
				CLANG_WARN_OBJC_LITERAL_CONVERSION = YES;
				CLANG_WARN_OBJC_ROOT_CLASS = YES_ERROR;
				CLANG_WARN_QUOTED_INCLUDE_IN_FRAMEWORK_HEADER = YES;
				CLANG_WARN_RANGE_LOOP_ANALYSIS = YES;
				CLANG_WARN_STRICT_PROTOTYPES = YES;
				CLANG_WARN_SUSPICIOUS_MOVE = YES;
				CLANG_WARN_UNGUARDED_AVAILABILITY = YES_AGGRESSIVE;
				CLANG_WARN_UNREACHABLE_CODE = YES;
				CLANG_WARN__DUPLICATE_METHOD_MATCH = YES;
				COPY_PHASE_STRIP = NO;
				DEBUG_INFORMATION_FORMAT = dwarf;
				ENABLE_STRICT_OBJC_MSGSEND = YES;
				ENABLE_TESTABILITY = YES;
				GCC_C_LANGUAGE_STANDARD = gnu11;
				GCC_DYNAMIC_NO_PIC = NO;
				GCC_NO_COMMON_BLOCKS = YES;
				GCC_OPTIMIZATION_LEVEL = 0;
				GCC_PREPROCESSOR_DEFINITIONS = (
					"DEBUG=1",
					"$(inherited)",
				);
				GCC_WARN_64_TO_32_BIT_CONVERSION = YES;
				GCC_WARN_ABOUT_RETURN_TYPE = YES_ERROR;
				GCC_WARN_UNDECLARED_SELECTOR = YES;
				GCC_WARN_UNINITIALIZED_AUTOS = YES_AGGRESSIVE;
				GCC_WARN_UNUSED_FUNCTION = YES;
				GCC_WARN_UNUSED_VARIABLE = YES;
				IPHONEOS_DEPLOYMENT_TARGET = 14.3;
				MTL_ENABLE_DEBUG_INFO = INCLUDE_SOURCE;
				MTL_FAST_MATH = YES;
				ONLY_ACTIVE_ARCH = YES;
				SDKROOT = iphoneos;
				SWIFT_ACTIVE_COMPILATION_CONDITIONS = DEBUG;
				SWIFT_OPTIMIZATION_LEVEL = "-Onone";
			};
			name = Debug;
		};
		C17BF7942675D0BB005DEBDE /* Release */ = {
			isa = XCBuildConfiguration;
			buildSettings = {
				ALWAYS_SEARCH_USER_PATHS = NO;
				CLANG_ANALYZER_NONNULL = YES;
				CLANG_ANALYZER_NUMBER_OBJECT_CONVERSION = YES_AGGRESSIVE;
				CLANG_CXX_LANGUAGE_STANDARD = "gnu++14";
				CLANG_CXX_LIBRARY = "libc++";
				CLANG_ENABLE_MODULES = YES;
				CLANG_ENABLE_OBJC_ARC = YES;
				CLANG_ENABLE_OBJC_WEAK = YES;
				CLANG_WARN_BLOCK_CAPTURE_AUTORELEASING = YES;
				CLANG_WARN_BOOL_CONVERSION = YES;
				CLANG_WARN_COMMA = YES;
				CLANG_WARN_CONSTANT_CONVERSION = YES;
				CLANG_WARN_DEPRECATED_OBJC_IMPLEMENTATIONS = YES;
				CLANG_WARN_DIRECT_OBJC_ISA_USAGE = YES_ERROR;
				CLANG_WARN_DOCUMENTATION_COMMENTS = YES;
				CLANG_WARN_EMPTY_BODY = YES;
				CLANG_WARN_ENUM_CONVERSION = YES;
				CLANG_WARN_INFINITE_RECURSION = YES;
				CLANG_WARN_INT_CONVERSION = YES;
				CLANG_WARN_NON_LITERAL_NULL_CONVERSION = YES;
				CLANG_WARN_OBJC_IMPLICIT_RETAIN_SELF = YES;
				CLANG_WARN_OBJC_LITERAL_CONVERSION = YES;
				CLANG_WARN_OBJC_ROOT_CLASS = YES_ERROR;
				CLANG_WARN_QUOTED_INCLUDE_IN_FRAMEWORK_HEADER = YES;
				CLANG_WARN_RANGE_LOOP_ANALYSIS = YES;
				CLANG_WARN_STRICT_PROTOTYPES = YES;
				CLANG_WARN_SUSPICIOUS_MOVE = YES;
				CLANG_WARN_UNGUARDED_AVAILABILITY = YES_AGGRESSIVE;
				CLANG_WARN_UNREACHABLE_CODE = YES;
				CLANG_WARN__DUPLICATE_METHOD_MATCH = YES;
				COPY_PHASE_STRIP = NO;
				DEBUG_INFORMATION_FORMAT = "dwarf-with-dsym";
				ENABLE_NS_ASSERTIONS = NO;
				ENABLE_STRICT_OBJC_MSGSEND = YES;
				GCC_C_LANGUAGE_STANDARD = gnu11;
				GCC_NO_COMMON_BLOCKS = YES;
				GCC_WARN_64_TO_32_BIT_CONVERSION = YES;
				GCC_WARN_ABOUT_RETURN_TYPE = YES_ERROR;
				GCC_WARN_UNDECLARED_SELECTOR = YES;
				GCC_WARN_UNINITIALIZED_AUTOS = YES_AGGRESSIVE;
				GCC_WARN_UNUSED_FUNCTION = YES;
				GCC_WARN_UNUSED_VARIABLE = YES;
				IPHONEOS_DEPLOYMENT_TARGET = 14.3;
				MTL_ENABLE_DEBUG_INFO = NO;
				MTL_FAST_MATH = YES;
				SDKROOT = iphoneos;
				SWIFT_COMPILATION_MODE = wholemodule;
				SWIFT_OPTIMIZATION_LEVEL = "-O";
				VALIDATE_PRODUCT = YES;
			};
			name = Release;
		};
		C17BF7962675D0BB005DEBDE /* Debug */ = {
			isa = XCBuildConfiguration;
			buildSettings = {
				ASSETCATALOG_COMPILER_APPICON_NAME = AppIcon;
				ASSETCATALOG_COMPILER_GLOBAL_ACCENT_COLOR_NAME = AccentColor;
				CODE_SIGN_STYLE = Automatic;
				INFOPLIST_FILE = "Readmore-Readless/Info.plist";
				LD_RUNPATH_SEARCH_PATHS = (
					"$(inherited)",
					"@executable_path/Frameworks",
				);
				PRODUCT_BUNDLE_IDENTIFIER = "catherine.Readmore-Readless";
				PRODUCT_NAME = "$(TARGET_NAME)";
				SWIFT_VERSION = 5.0;
				TARGETED_DEVICE_FAMILY = "1,2";
			};
			name = Debug;
		};
		C17BF7972675D0BB005DEBDE /* Release */ = {
			isa = XCBuildConfiguration;
			buildSettings = {
				ASSETCATALOG_COMPILER_APPICON_NAME = AppIcon;
				ASSETCATALOG_COMPILER_GLOBAL_ACCENT_COLOR_NAME = AccentColor;
				CODE_SIGN_STYLE = Automatic;
				INFOPLIST_FILE = "Readmore-Readless/Info.plist";
				LD_RUNPATH_SEARCH_PATHS = (
					"$(inherited)",
					"@executable_path/Frameworks",
				);
				PRODUCT_BUNDLE_IDENTIFIER = "catherine.Readmore-Readless";
				PRODUCT_NAME = "$(TARGET_NAME)";
				SWIFT_VERSION = 5.0;
				TARGETED_DEVICE_FAMILY = "1,2";
			};
			name = Release;
		};
/* End XCBuildConfiguration section */

/* Begin XCConfigurationList section */
		C17BF77C2675D0B8005DEBDE /* Build configuration list for PBXProject "Readmore-Readless" */ = {
			isa = XCConfigurationList;
			buildConfigurations = (
				C17BF7932675D0BB005DEBDE /* Debug */,
				C17BF7942675D0BB005DEBDE /* Release */,
			);
			defaultConfigurationIsVisible = 0;
			defaultConfigurationName = Release;
		};
		C17BF7952675D0BB005DEBDE /* Build configuration list for PBXNativeTarget "Readmore-Readless" */ = {
			isa = XCConfigurationList;
			buildConfigurations = (
				C17BF7962675D0BB005DEBDE /* Debug */,
				C17BF7972675D0BB005DEBDE /* Release */,
			);
			defaultConfigurationIsVisible = 0;
			defaultConfigurationName = Release;
		};
/* End XCConfigurationList section */
	};
	rootObject = C17BF7792675D0B8005DEBDE /* Project object */;
}
